// !$*UTF8*$!
{
	archiveVersion = 1;
	classes = {
	};
	objectVersion = 51;
	objects = {

/* Begin PBXBuildFile section */
		0B8E9DA02D2EE779FA9EC724 /* Pods_RCCariOSController.framework in Frameworks */ = {isa = PBXBuildFile; fileRef = E0C8F16F08E6FE77A1AAE81F /* Pods_RCCariOSController.framework */; };
		34817C5224C0E6B400C883A1 /* HomeController.xib in Resources */ = {isa = PBXBuildFile; fileRef = 34817C5124C0E6B400C883A1 /* HomeController.xib */; };
		34817C5424C0E6D300C883A1 /* FlowCoordinator.swift in Sources */ = {isa = PBXBuildFile; fileRef = 34817C5324C0E6D300C883A1 /* FlowCoordinator.swift */; };
		34817C5624C0E6FA00C883A1 /* HomeViewModel.swift in Sources */ = {isa = PBXBuildFile; fileRef = 34817C5524C0E6FA00C883A1 /* HomeViewModel.swift */; };
		34817C5A24C0EC2600C883A1 /* CoreBluetooth.framework in Frameworks */ = {isa = PBXBuildFile; fileRef = 34817C5924C0EC2600C883A1 /* CoreBluetooth.framework */; };
		34817C5E24C0ECD500C883A1 /* DevicesListController.swift in Sources */ = {isa = PBXBuildFile; fileRef = 34817C5D24C0ECD500C883A1 /* DevicesListController.swift */; };
		34817C6024C0ECE000C883A1 /* DevicesListViewModel.swift in Sources */ = {isa = PBXBuildFile; fileRef = 34817C5F24C0ECE000C883A1 /* DevicesListViewModel.swift */; };
		34817C6224C0ECE800C883A1 /* DevicesListModel.swift in Sources */ = {isa = PBXBuildFile; fileRef = 34817C6124C0ECE800C883A1 /* DevicesListModel.swift */; };
		34817C6724C0ED6C00C883A1 /* SimpleDI.swift in Sources */ = {isa = PBXBuildFile; fileRef = 34817C6624C0ED6C00C883A1 /* SimpleDI.swift */; };
		34817C6924C0ED8100C883A1 /* Mutex.swift in Sources */ = {isa = PBXBuildFile; fileRef = 34817C6824C0ED8100C883A1 /* Mutex.swift */; };
		34817C6D24C0F10700C883A1 /* DevicesListController.xib in Resources */ = {isa = PBXBuildFile; fileRef = 34817C6C24C0F0B300C883A1 /* DevicesListController.xib */; };
		34817C6F24C0F63600C883A1 /* Timer.swift in Sources */ = {isa = PBXBuildFile; fileRef = 34817C6E24C0F63600C883A1 /* Timer.swift */; };
		34817C7924C212C000C883A1 /* DeviceCell.xib in Resources */ = {isa = PBXBuildFile; fileRef = 34817C7824C212C000C883A1 /* DeviceCell.xib */; };
		34817C7B24C212C900C883A1 /* DeviceCell.swift in Sources */ = {isa = PBXBuildFile; fileRef = 34817C7A24C212C900C883A1 /* DeviceCell.swift */; };
		34817C7F24C21E2300C883A1 /* DefaultValue.swift in Sources */ = {isa = PBXBuildFile; fileRef = 34817C7E24C21E2300C883A1 /* DefaultValue.swift */; };
		34817C8324C23BD800C883A1 /* HomeCell.xib in Resources */ = {isa = PBXBuildFile; fileRef = 34817C8224C23BD800C883A1 /* HomeCell.xib */; };
		34817C8524C23BE900C883A1 /* HomeCell.swift in Sources */ = {isa = PBXBuildFile; fileRef = 34817C8424C23BE900C883A1 /* HomeCell.swift */; };
		34817C8724C23CE700C883A1 /* HomeItem.swift in Sources */ = {isa = PBXBuildFile; fileRef = 34817C8624C23CE700C883A1 /* HomeItem.swift */; };
		34817C8E24C2414100C883A1 /* BTConfig.swift in Sources */ = {isa = PBXBuildFile; fileRef = 34817C8A24C2414100C883A1 /* BTConfig.swift */; };
		34817C8F24C2414100C883A1 /* BTDevice.swift in Sources */ = {isa = PBXBuildFile; fileRef = 34817C8B24C2414100C883A1 /* BTDevice.swift */; };
		34817C9024C2414100C883A1 /* BTManager.swift in Sources */ = {isa = PBXBuildFile; fileRef = 34817C8C24C2414100C883A1 /* BTManager.swift */; };
		34817C9224C2415200C883A1 /* DashboardController.swift in Sources */ = {isa = PBXBuildFile; fileRef = 34817C9124C2415200C883A1 /* DashboardController.swift */; };
		34817C9424C2415B00C883A1 /* DashboardController.xib in Resources */ = {isa = PBXBuildFile; fileRef = 34817C9324C2415B00C883A1 /* DashboardController.xib */; };
		34817C9624C2416500C883A1 /* DashboardViewModel.swift in Sources */ = {isa = PBXBuildFile; fileRef = 34817C9524C2416500C883A1 /* DashboardViewModel.swift */; };
		34817C9824C2416B00C883A1 /* DashboardModel.swift in Sources */ = {isa = PBXBuildFile; fileRef = 34817C9724C2416B00C883A1 /* DashboardModel.swift */; };
		34817C9A24C242E200C883A1 /* AccelerometerDataManager.swift in Sources */ = {isa = PBXBuildFile; fileRef = 34817C9924C242E200C883A1 /* AccelerometerDataManager.swift */; };
		34817C9C24C24F0900C883A1 /* InlinationView.swift in Sources */ = {isa = PBXBuildFile; fileRef = 34817C9B24C24F0900C883A1 /* InlinationView.swift */; };
		34CED9EE24BB93F600C49DF8 /* AppDelegate.swift in Sources */ = {isa = PBXBuildFile; fileRef = 34CED9ED24BB93F600C49DF8 /* AppDelegate.swift */; };
		34CED9F224BB93F600C49DF8 /* HomeController.swift in Sources */ = {isa = PBXBuildFile; fileRef = 34CED9F124BB93F600C49DF8 /* HomeController.swift */; };
		34CED9F724BB93F700C49DF8 /* Assets.xcassets in Resources */ = {isa = PBXBuildFile; fileRef = 34CED9F624BB93F700C49DF8 /* Assets.xcassets */; };
		34CED9FA24BB93F700C49DF8 /* LaunchScreen.storyboard in Resources */ = {isa = PBXBuildFile; fileRef = 34CED9F824BB93F700C49DF8 /* LaunchScreen.storyboard */; };
/* End PBXBuildFile section */

/* Begin PBXFileReference section */
		34817C5124C0E6B400C883A1 /* HomeController.xib */ = {isa = PBXFileReference; lastKnownFileType = file.xib; path = HomeController.xib; sourceTree = "<group>"; };
		34817C5324C0E6D300C883A1 /* FlowCoordinator.swift */ = {isa = PBXFileReference; lastKnownFileType = sourcecode.swift; path = FlowCoordinator.swift; sourceTree = "<group>"; };
		34817C5524C0E6FA00C883A1 /* HomeViewModel.swift */ = {isa = PBXFileReference; lastKnownFileType = sourcecode.swift; path = HomeViewModel.swift; sourceTree = "<group>"; };
		34817C5924C0EC2600C883A1 /* CoreBluetooth.framework */ = {isa = PBXFileReference; lastKnownFileType = wrapper.framework; name = CoreBluetooth.framework; path = System/Library/Frameworks/CoreBluetooth.framework; sourceTree = SDKROOT; };
		34817C5D24C0ECD500C883A1 /* DevicesListController.swift */ = {isa = PBXFileReference; lastKnownFileType = sourcecode.swift; path = DevicesListController.swift; sourceTree = "<group>"; };
		34817C5F24C0ECE000C883A1 /* DevicesListViewModel.swift */ = {isa = PBXFileReference; lastKnownFileType = sourcecode.swift; path = DevicesListViewModel.swift; sourceTree = "<group>"; };
		34817C6124C0ECE800C883A1 /* DevicesListModel.swift */ = {isa = PBXFileReference; lastKnownFileType = sourcecode.swift; path = DevicesListModel.swift; sourceTree = "<group>"; };
		34817C6624C0ED6C00C883A1 /* SimpleDI.swift */ = {isa = PBXFileReference; lastKnownFileType = sourcecode.swift; path = SimpleDI.swift; sourceTree = "<group>"; };
		34817C6824C0ED8100C883A1 /* Mutex.swift */ = {isa = PBXFileReference; lastKnownFileType = sourcecode.swift; path = Mutex.swift; sourceTree = "<group>"; };
		34817C6C24C0F0B300C883A1 /* DevicesListController.xib */ = {isa = PBXFileReference; lastKnownFileType = file.xib; path = DevicesListController.xib; sourceTree = "<group>"; };
		34817C6E24C0F63600C883A1 /* Timer.swift */ = {isa = PBXFileReference; lastKnownFileType = sourcecode.swift; path = Timer.swift; sourceTree = "<group>"; };
		34817C7824C212C000C883A1 /* DeviceCell.xib */ = {isa = PBXFileReference; lastKnownFileType = file.xib; path = DeviceCell.xib; sourceTree = "<group>"; };
		34817C7A24C212C900C883A1 /* DeviceCell.swift */ = {isa = PBXFileReference; lastKnownFileType = sourcecode.swift; path = DeviceCell.swift; sourceTree = "<group>"; };
		34817C7E24C21E2300C883A1 /* DefaultValue.swift */ = {isa = PBXFileReference; lastKnownFileType = sourcecode.swift; path = DefaultValue.swift; sourceTree = "<group>"; };
		34817C8224C23BD800C883A1 /* HomeCell.xib */ = {isa = PBXFileReference; lastKnownFileType = file.xib; path = HomeCell.xib; sourceTree = "<group>"; };
		34817C8424C23BE900C883A1 /* HomeCell.swift */ = {isa = PBXFileReference; lastKnownFileType = sourcecode.swift; path = HomeCell.swift; sourceTree = "<group>"; };
		34817C8624C23CE700C883A1 /* HomeItem.swift */ = {isa = PBXFileReference; lastKnownFileType = sourcecode.swift; path = HomeItem.swift; sourceTree = "<group>"; };
		34817C8A24C2414100C883A1 /* BTConfig.swift */ = {isa = PBXFileReference; fileEncoding = 4; lastKnownFileType = sourcecode.swift; path = BTConfig.swift; sourceTree = "<group>"; };
		34817C8B24C2414100C883A1 /* BTDevice.swift */ = {isa = PBXFileReference; fileEncoding = 4; lastKnownFileType = sourcecode.swift; path = BTDevice.swift; sourceTree = "<group>"; };
		34817C8C24C2414100C883A1 /* BTManager.swift */ = {isa = PBXFileReference; fileEncoding = 4; lastKnownFileType = sourcecode.swift; path = BTManager.swift; sourceTree = "<group>"; };
		34817C9124C2415200C883A1 /* DashboardController.swift */ = {isa = PBXFileReference; lastKnownFileType = sourcecode.swift; path = DashboardController.swift; sourceTree = "<group>"; };
		34817C9324C2415B00C883A1 /* DashboardController.xib */ = {isa = PBXFileReference; lastKnownFileType = file.xib; path = DashboardController.xib; sourceTree = "<group>"; };
		34817C9524C2416500C883A1 /* DashboardViewModel.swift */ = {isa = PBXFileReference; lastKnownFileType = sourcecode.swift; path = DashboardViewModel.swift; sourceTree = "<group>"; };
		34817C9724C2416B00C883A1 /* DashboardModel.swift */ = {isa = PBXFileReference; lastKnownFileType = sourcecode.swift; path = DashboardModel.swift; sourceTree = "<group>"; };
		34817C9924C242E200C883A1 /* AccelerometerDataManager.swift */ = {isa = PBXFileReference; lastKnownFileType = sourcecode.swift; path = AccelerometerDataManager.swift; sourceTree = "<group>"; };
		34817C9B24C24F0900C883A1 /* InlinationView.swift */ = {isa = PBXFileReference; lastKnownFileType = sourcecode.swift; path = InlinationView.swift; sourceTree = "<group>"; };
		34CED9EA24BB93F600C49DF8 /* RCCariOSController.app */ = {isa = PBXFileReference; explicitFileType = wrapper.application; includeInIndex = 0; path = RCCariOSController.app; sourceTree = BUILT_PRODUCTS_DIR; };
		34CED9ED24BB93F600C49DF8 /* AppDelegate.swift */ = {isa = PBXFileReference; lastKnownFileType = sourcecode.swift; path = AppDelegate.swift; sourceTree = "<group>"; };
		34CED9F124BB93F600C49DF8 /* HomeController.swift */ = {isa = PBXFileReference; lastKnownFileType = sourcecode.swift; path = HomeController.swift; sourceTree = "<group>"; };
		34CED9F624BB93F700C49DF8 /* Assets.xcassets */ = {isa = PBXFileReference; lastKnownFileType = folder.assetcatalog; path = Assets.xcassets; sourceTree = "<group>"; };
		34CED9F924BB93F700C49DF8 /* Base */ = {isa = PBXFileReference; lastKnownFileType = file.storyboard; name = Base; path = Base.lproj/LaunchScreen.storyboard; sourceTree = "<group>"; };
		34CED9FB24BB93F700C49DF8 /* Info.plist */ = {isa = PBXFileReference; lastKnownFileType = text.plist.xml; path = Info.plist; sourceTree = "<group>"; };
		6EFBD3634BC21523D6921374 /* Pods-RCCariOSController.debug.xcconfig */ = {isa = PBXFileReference; includeInIndex = 1; lastKnownFileType = text.xcconfig; name = "Pods-RCCariOSController.debug.xcconfig"; path = "Target Support Files/Pods-RCCariOSController/Pods-RCCariOSController.debug.xcconfig"; sourceTree = "<group>"; };
		AC695F49C158823C695E6893 /* Pods-RCCariOSController.release.xcconfig */ = {isa = PBXFileReference; includeInIndex = 1; lastKnownFileType = text.xcconfig; name = "Pods-RCCariOSController.release.xcconfig"; path = "Target Support Files/Pods-RCCariOSController/Pods-RCCariOSController.release.xcconfig"; sourceTree = "<group>"; };
		E0C8F16F08E6FE77A1AAE81F /* Pods_RCCariOSController.framework */ = {isa = PBXFileReference; explicitFileType = wrapper.framework; includeInIndex = 0; path = Pods_RCCariOSController.framework; sourceTree = BUILT_PRODUCTS_DIR; };
/* End PBXFileReference section */

/* Begin PBXFrameworksBuildPhase section */
		34CED9E724BB93F600C49DF8 /* Frameworks */ = {
			isa = PBXFrameworksBuildPhase;
			buildActionMask = 2147483647;
			files = (
				34817C5A24C0EC2600C883A1 /* CoreBluetooth.framework in Frameworks */,
				0B8E9DA02D2EE779FA9EC724 /* Pods_RCCariOSController.framework in Frameworks */,
			);
			runOnlyForDeploymentPostprocessing = 0;
		};
/* End PBXFrameworksBuildPhase section */

/* Begin PBXGroup section */
		34817C4D24C0E69100C883A1 /* managers */ = {
			isa = PBXGroup;
			children = (
				34817C8D24C2414100C883A1 /* accelerometer */,
				34817C8924C2414100C883A1 /* bluetooth */,
			);
			path = managers;
			sourceTree = "<group>";
		};
		34817C4E24C0E69100C883A1 /* modules */ = {
			isa = PBXGroup;
			children = (
				34817C8824C2411F00C883A1 /* dashboard */,
				34817C4F24C0E6A400C883A1 /* devicesList */,
				34817C5024C0E6A400C883A1 /* home */,
			);
			path = modules;
			sourceTree = "<group>";
		};
		34817C4F24C0E6A400C883A1 /* devicesList */ = {
			isa = PBXGroup;
			children = (
				34817C7A24C212C900C883A1 /* DeviceCell.swift */,
				34817C7824C212C000C883A1 /* DeviceCell.xib */,
				34817C5D24C0ECD500C883A1 /* DevicesListController.swift */,
				34817C6C24C0F0B300C883A1 /* DevicesListController.xib */,
				34817C6124C0ECE800C883A1 /* DevicesListModel.swift */,
				34817C5F24C0ECE000C883A1 /* DevicesListViewModel.swift */,
			);
			path = devicesList;
			sourceTree = "<group>";
		};
		34817C5024C0E6A400C883A1 /* home */ = {
			isa = PBXGroup;
			children = (
				34817C8424C23BE900C883A1 /* HomeCell.swift */,
				34817C8224C23BD800C883A1 /* HomeCell.xib */,
				34CED9F124BB93F600C49DF8 /* HomeController.swift */,
				34817C5124C0E6B400C883A1 /* HomeController.xib */,
				34817C5524C0E6FA00C883A1 /* HomeViewModel.swift */,
				34817C8624C23CE700C883A1 /* HomeItem.swift */,
			);
			path = home;
			sourceTree = "<group>";
		};
		34817C6524C0ED6100C883A1 /* lib */ = {
			isa = PBXGroup;
			children = (
				34817C7E24C21E2300C883A1 /* DefaultValue.swift */,
				34817C6824C0ED8100C883A1 /* Mutex.swift */,
				34817C6624C0ED6C00C883A1 /* SimpleDI.swift */,
				34817C6E24C0F63600C883A1 /* Timer.swift */,
			);
			path = lib;
			sourceTree = "<group>";
		};
		34817C8824C2411F00C883A1 /* dashboard */ = {
			isa = PBXGroup;
			children = (
				34817C9124C2415200C883A1 /* DashboardController.swift */,
				34817C9324C2415B00C883A1 /* DashboardController.xib */,
				34817C9724C2416B00C883A1 /* DashboardModel.swift */,
				34817C9524C2416500C883A1 /* DashboardViewModel.swift */,
				34817C9B24C24F0900C883A1 /* InlinationView.swift */,
			);
			path = dashboard;
			sourceTree = "<group>";
		};
		34817C8924C2414100C883A1 /* bluetooth */ = {
			isa = PBXGroup;
			children = (
				34817C8A24C2414100C883A1 /* BTConfig.swift */,
				34817C8B24C2414100C883A1 /* BTDevice.swift */,
				34817C8C24C2414100C883A1 /* BTManager.swift */,
			);
			path = bluetooth;
			sourceTree = "<group>";
		};
		34817C8D24C2414100C883A1 /* accelerometer */ = {
			isa = PBXGroup;
			children = (
				34817C9924C242E200C883A1 /* AccelerometerDataManager.swift */,
			);
			path = accelerometer;
			sourceTree = "<group>";
		};
		34CED9E124BB93F600C49DF8 = {
			isa = PBXGroup;
			children = (
				34CED9EC24BB93F600C49DF8 /* RCCariOSController */,
				34CED9EB24BB93F600C49DF8 /* Products */,
				D7906309C2748BF15B5AFEAF /* Pods */,
				CF1DC073A9F2754FC4C5F54E /* Frameworks */,
			);
			sourceTree = "<group>";
		};
		34CED9EB24BB93F600C49DF8 /* Products */ = {
			isa = PBXGroup;
			children = (
				34CED9EA24BB93F600C49DF8 /* RCCariOSController.app */,
			);
			name = Products;
			sourceTree = "<group>";
		};
		34CED9EC24BB93F600C49DF8 /* RCCariOSController */ = {
			isa = PBXGroup;
			children = (
				34CED9ED24BB93F600C49DF8 /* AppDelegate.swift */,
				34CED9F624BB93F700C49DF8 /* Assets.xcassets */,
				34817C5324C0E6D300C883A1 /* FlowCoordinator.swift */,
				34CED9FB24BB93F700C49DF8 /* Info.plist */,
				34CED9F824BB93F700C49DF8 /* LaunchScreen.storyboard */,
				34817C6524C0ED6100C883A1 /* lib */,
				34817C4D24C0E69100C883A1 /* managers */,
				34817C4E24C0E69100C883A1 /* modules */,
			);
			path = RCCariOSController;
			sourceTree = "<group>";
		};
		CF1DC073A9F2754FC4C5F54E /* Frameworks */ = {
			isa = PBXGroup;
			children = (
				34817C5924C0EC2600C883A1 /* CoreBluetooth.framework */,
				E0C8F16F08E6FE77A1AAE81F /* Pods_RCCariOSController.framework */,
			);
			name = Frameworks;
			sourceTree = "<group>";
		};
		D7906309C2748BF15B5AFEAF /* Pods */ = {
			isa = PBXGroup;
			children = (
				6EFBD3634BC21523D6921374 /* Pods-RCCariOSController.debug.xcconfig */,
				AC695F49C158823C695E6893 /* Pods-RCCariOSController.release.xcconfig */,
			);
			path = Pods;
			sourceTree = "<group>";
		};
/* End PBXGroup section */

/* Begin PBXNativeTarget section */
		34CED9E924BB93F600C49DF8 /* RCCariOSController */ = {
			isa = PBXNativeTarget;
			buildConfigurationList = 34CED9FE24BB93F700C49DF8 /* Build configuration list for PBXNativeTarget "RCCariOSController" */;
			buildPhases = (
				0C4F35CCCCC18C2BEC870D85 /* [CP] Check Pods Manifest.lock */,
				34CED9E624BB93F600C49DF8 /* Sources */,
				34CED9E724BB93F600C49DF8 /* Frameworks */,
				34CED9E824BB93F600C49DF8 /* Resources */,
				350915235B71D3DD48A2A52A /* [CP] Embed Pods Frameworks */,
			);
			buildRules = (
			);
			dependencies = (
			);
			name = RCCariOSController;
			productName = RCCariOSController;
			productReference = 34CED9EA24BB93F600C49DF8 /* RCCariOSController.app */;
			productType = "com.apple.product-type.application";
		};
/* End PBXNativeTarget section */

/* Begin PBXProject section */
		34CED9E224BB93F600C49DF8 /* Project object */ = {
			isa = PBXProject;
			attributes = {
				LastSwiftUpdateCheck = 1150;
				LastUpgradeCheck = 1150;
				ORGANIZATIONNAME = Chlup;
				TargetAttributes = {
					34CED9E924BB93F600C49DF8 = {
						CreatedOnToolsVersion = 11.5;
					};
				};
			};
			buildConfigurationList = 34CED9E524BB93F600C49DF8 /* Build configuration list for PBXProject "RCCariOSController" */;
			compatibilityVersion = "Xcode 9.3";
			developmentRegion = en;
			hasScannedForEncodings = 0;
			knownRegions = (
				en,
				Base,
			);
			mainGroup = 34CED9E124BB93F600C49DF8;
			productRefGroup = 34CED9EB24BB93F600C49DF8 /* Products */;
			projectDirPath = "";
			projectRoot = "";
			targets = (
				34CED9E924BB93F600C49DF8 /* RCCariOSController */,
			);
		};
/* End PBXProject section */

/* Begin PBXResourcesBuildPhase section */
		34CED9E824BB93F600C49DF8 /* Resources */ = {
			isa = PBXResourcesBuildPhase;
			buildActionMask = 2147483647;
			files = (
				34CED9FA24BB93F700C49DF8 /* LaunchScreen.storyboard in Resources */,
				34817C6D24C0F10700C883A1 /* DevicesListController.xib in Resources */,
				34CED9F724BB93F700C49DF8 /* Assets.xcassets in Resources */,
				34817C5224C0E6B400C883A1 /* HomeController.xib in Resources */,
				34817C9424C2415B00C883A1 /* DashboardController.xib in Resources */,
				34817C8324C23BD800C883A1 /* HomeCell.xib in Resources */,
				34817C7924C212C000C883A1 /* DeviceCell.xib in Resources */,
			);
			runOnlyForDeploymentPostprocessing = 0;
		};
/* End PBXResourcesBuildPhase section */

/* Begin PBXShellScriptBuildPhase section */
		0C4F35CCCCC18C2BEC870D85 /* [CP] Check Pods Manifest.lock */ = {
			isa = PBXShellScriptBuildPhase;
			buildActionMask = 2147483647;
			files = (
			);
			inputFileListPaths = (
			);
			inputPaths = (
				"${PODS_PODFILE_DIR_PATH}/Podfile.lock",
				"${PODS_ROOT}/Manifest.lock",
			);
			name = "[CP] Check Pods Manifest.lock";
			outputFileListPaths = (
			);
			outputPaths = (
				"$(DERIVED_FILE_DIR)/Pods-RCCariOSController-checkManifestLockResult.txt",
			);
			runOnlyForDeploymentPostprocessing = 0;
			shellPath = /bin/sh;
			shellScript = "diff \"${PODS_PODFILE_DIR_PATH}/Podfile.lock\" \"${PODS_ROOT}/Manifest.lock\" > /dev/null\nif [ $? != 0 ] ; then\n    # print error to STDERR\n    echo \"error: The sandbox is not in sync with the Podfile.lock. Run 'pod install' or update your CocoaPods installation.\" >&2\n    exit 1\nfi\n# This output is used by Xcode 'outputs' to avoid re-running this script phase.\necho \"SUCCESS\" > \"${SCRIPT_OUTPUT_FILE_0}\"\n";
			showEnvVarsInLog = 0;
		};
		350915235B71D3DD48A2A52A /* [CP] Embed Pods Frameworks */ = {
			isa = PBXShellScriptBuildPhase;
			buildActionMask = 2147483647;
			files = (
			);
			inputFileListPaths = (
				"${PODS_ROOT}/Target Support Files/Pods-RCCariOSController/Pods-RCCariOSController-frameworks-${CONFIGURATION}-input-files.xcfilelist",
			);
			name = "[CP] Embed Pods Frameworks";
			outputFileListPaths = (
				"${PODS_ROOT}/Target Support Files/Pods-RCCariOSController/Pods-RCCariOSController-frameworks-${CONFIGURATION}-output-files.xcfilelist",
			);
			runOnlyForDeploymentPostprocessing = 0;
			shellPath = /bin/sh;
			shellScript = "\"${PODS_ROOT}/Target Support Files/Pods-RCCariOSController/Pods-RCCariOSController-frameworks.sh\"\n";
			showEnvVarsInLog = 0;
		};
/* End PBXShellScriptBuildPhase section */

/* Begin PBXSourcesBuildPhase section */
		34CED9E624BB93F600C49DF8 /* Sources */ = {
			isa = PBXSourcesBuildPhase;
			buildActionMask = 2147483647;
			files = (
				34817C9824C2416B00C883A1 /* DashboardModel.swift in Sources */,
				34817C9C24C24F0900C883A1 /* InlinationView.swift in Sources */,
				34CED9F224BB93F600C49DF8 /* HomeController.swift in Sources */,
				34817C6724C0ED6C00C883A1 /* SimpleDI.swift in Sources */,
				34817C8524C23BE900C883A1 /* HomeCell.swift in Sources */,
				34817C6224C0ECE800C883A1 /* DevicesListModel.swift in Sources */,
				34817C9624C2416500C883A1 /* DashboardViewModel.swift in Sources */,
				34817C9224C2415200C883A1 /* DashboardController.swift in Sources */,
				34817C9024C2414100C883A1 /* BTManager.swift in Sources */,
				34817C7F24C21E2300C883A1 /* DefaultValue.swift in Sources */,
				34817C5E24C0ECD500C883A1 /* DevicesListController.swift in Sources */,
				34817C6924C0ED8100C883A1 /* Mutex.swift in Sources */,
				34CED9EE24BB93F600C49DF8 /* AppDelegate.swift in Sources */,
				34817C6024C0ECE000C883A1 /* DevicesListViewModel.swift in Sources */,
				34817C9A24C242E200C883A1 /* AccelerometerDataManager.swift in Sources */,
				34817C5424C0E6D300C883A1 /* FlowCoordinator.swift in Sources */,
				34817C6F24C0F63600C883A1 /* Timer.swift in Sources */,
				34817C5624C0E6FA00C883A1 /* HomeViewModel.swift in Sources */,
				34817C8724C23CE700C883A1 /* HomeItem.swift in Sources */,
				34817C8E24C2414100C883A1 /* BTConfig.swift in Sources */,
				34817C7B24C212C900C883A1 /* DeviceCell.swift in Sources */,
				34817C8F24C2414100C883A1 /* BTDevice.swift in Sources */,
			);
			runOnlyForDeploymentPostprocessing = 0;
		};
/* End PBXSourcesBuildPhase section */

/* Begin PBXVariantGroup section */
		34CED9F824BB93F700C49DF8 /* LaunchScreen.storyboard */ = {
			isa = PBXVariantGroup;
			children = (
				34CED9F924BB93F700C49DF8 /* Base */,
			);
			name = LaunchScreen.storyboard;
			sourceTree = "<group>";
		};
/* End PBXVariantGroup section */

/* Begin XCBuildConfiguration section */
		34CED9FC24BB93F700C49DF8 /* Debug */ = {
			isa = XCBuildConfiguration;
			buildSettings = {
				ALWAYS_SEARCH_USER_PATHS = NO;
				CLANG_ANALYZER_NONNULL = YES;
				CLANG_ANALYZER_NUMBER_OBJECT_CONVERSION = YES_AGGRESSIVE;
				CLANG_CXX_LANGUAGE_STANDARD = "gnu++14";
				CLANG_CXX_LIBRARY = "libc++";
				CLANG_ENABLE_MODULES = YES;
				CLANG_ENABLE_OBJC_ARC = YES;
				CLANG_ENABLE_OBJC_WEAK = YES;
				CLANG_WARN_BLOCK_CAPTURE_AUTORELEASING = YES;
				CLANG_WARN_BOOL_CONVERSION = YES;
				CLANG_WARN_COMMA = YES;
				CLANG_WARN_CONSTANT_CONVERSION = YES;
				CLANG_WARN_DEPRECATED_OBJC_IMPLEMENTATIONS = YES;
				CLANG_WARN_DIRECT_OBJC_ISA_USAGE = YES_ERROR;
				CLANG_WARN_DOCUMENTATION_COMMENTS = YES;
				CLANG_WARN_EMPTY_BODY = YES;
				CLANG_WARN_ENUM_CONVERSION = YES;
				CLANG_WARN_INFINITE_RECURSION = YES;
				CLANG_WARN_INT_CONVERSION = YES;
				CLANG_WARN_NON_LITERAL_NULL_CONVERSION = YES;
				CLANG_WARN_OBJC_IMPLICIT_RETAIN_SELF = YES;
				CLANG_WARN_OBJC_LITERAL_CONVERSION = YES;
				CLANG_WARN_OBJC_ROOT_CLASS = YES_ERROR;
				CLANG_WARN_RANGE_LOOP_ANALYSIS = YES;
				CLANG_WARN_STRICT_PROTOTYPES = YES;
				CLANG_WARN_SUSPICIOUS_MOVE = YES;
				CLANG_WARN_UNGUARDED_AVAILABILITY = YES_AGGRESSIVE;
				CLANG_WARN_UNREACHABLE_CODE = YES;
				CLANG_WARN__DUPLICATE_METHOD_MATCH = YES;
				COPY_PHASE_STRIP = NO;
				DEBUG_INFORMATION_FORMAT = dwarf;
				ENABLE_STRICT_OBJC_MSGSEND = YES;
				ENABLE_TESTABILITY = YES;
				GCC_C_LANGUAGE_STANDARD = gnu11;
				GCC_DYNAMIC_NO_PIC = NO;
				GCC_NO_COMMON_BLOCKS = YES;
				GCC_OPTIMIZATION_LEVEL = 0;
				GCC_PREPROCESSOR_DEFINITIONS = (
					"DEBUG=1",
					"$(inherited)",
				);
				GCC_WARN_64_TO_32_BIT_CONVERSION = YES;
				GCC_WARN_ABOUT_RETURN_TYPE = YES_ERROR;
				GCC_WARN_UNDECLARED_SELECTOR = YES;
				GCC_WARN_UNINITIALIZED_AUTOS = YES_AGGRESSIVE;
				GCC_WARN_UNUSED_FUNCTION = YES;
				GCC_WARN_UNUSED_VARIABLE = YES;
				IPHONEOS_DEPLOYMENT_TARGET = 13.5;
				MTL_ENABLE_DEBUG_INFO = INCLUDE_SOURCE;
				MTL_FAST_MATH = YES;
				ONLY_ACTIVE_ARCH = YES;
				SDKROOT = iphoneos;
				SWIFT_ACTIVE_COMPILATION_CONDITIONS = DEBUG;
				SWIFT_OPTIMIZATION_LEVEL = "-Onone";
			};
			name = Debug;
		};
		34CED9FD24BB93F700C49DF8 /* Release */ = {
			isa = XCBuildConfiguration;
			buildSettings = {
				ALWAYS_SEARCH_USER_PATHS = NO;
				CLANG_ANALYZER_NONNULL = YES;
				CLANG_ANALYZER_NUMBER_OBJECT_CONVERSION = YES_AGGRESSIVE;
				CLANG_CXX_LANGUAGE_STANDARD = "gnu++14";
				CLANG_CXX_LIBRARY = "libc++";
				CLANG_ENABLE_MODULES = YES;
				CLANG_ENABLE_OBJC_ARC = YES;
				CLANG_ENABLE_OBJC_WEAK = YES;
				CLANG_WARN_BLOCK_CAPTURE_AUTORELEASING = YES;
				CLANG_WARN_BOOL_CONVERSION = YES;
				CLANG_WARN_COMMA = YES;
				CLANG_WARN_CONSTANT_CONVERSION = YES;
				CLANG_WARN_DEPRECATED_OBJC_IMPLEMENTATIONS = YES;
				CLANG_WARN_DIRECT_OBJC_ISA_USAGE = YES_ERROR;
				CLANG_WARN_DOCUMENTATION_COMMENTS = YES;
				CLANG_WARN_EMPTY_BODY = YES;
				CLANG_WARN_ENUM_CONVERSION = YES;
				CLANG_WARN_INFINITE_RECURSION = YES;
				CLANG_WARN_INT_CONVERSION = YES;
				CLANG_WARN_NON_LITERAL_NULL_CONVERSION = YES;
				CLANG_WARN_OBJC_IMPLICIT_RETAIN_SELF = YES;
				CLANG_WARN_OBJC_LITERAL_CONVERSION = YES;
				CLANG_WARN_OBJC_ROOT_CLASS = YES_ERROR;
				CLANG_WARN_RANGE_LOOP_ANALYSIS = YES;
				CLANG_WARN_STRICT_PROTOTYPES = YES;
				CLANG_WARN_SUSPICIOUS_MOVE = YES;
				CLANG_WARN_UNGUARDED_AVAILABILITY = YES_AGGRESSIVE;
				CLANG_WARN_UNREACHABLE_CODE = YES;
				CLANG_WARN__DUPLICATE_METHOD_MATCH = YES;
				COPY_PHASE_STRIP = NO;
				DEBUG_INFORMATION_FORMAT = "dwarf-with-dsym";
				ENABLE_NS_ASSERTIONS = NO;
				ENABLE_STRICT_OBJC_MSGSEND = YES;
				GCC_C_LANGUAGE_STANDARD = gnu11;
				GCC_NO_COMMON_BLOCKS = YES;
				GCC_WARN_64_TO_32_BIT_CONVERSION = YES;
				GCC_WARN_ABOUT_RETURN_TYPE = YES_ERROR;
				GCC_WARN_UNDECLARED_SELECTOR = YES;
				GCC_WARN_UNINITIALIZED_AUTOS = YES_AGGRESSIVE;
				GCC_WARN_UNUSED_FUNCTION = YES;
				GCC_WARN_UNUSED_VARIABLE = YES;
				IPHONEOS_DEPLOYMENT_TARGET = 13.5;
				MTL_ENABLE_DEBUG_INFO = NO;
				MTL_FAST_MATH = YES;
				SDKROOT = iphoneos;
				SWIFT_COMPILATION_MODE = wholemodule;
				SWIFT_OPTIMIZATION_LEVEL = "-O";
				VALIDATE_PRODUCT = YES;
			};
			name = Release;
		};
		34CED9FF24BB93F700C49DF8 /* Debug */ = {
			isa = XCBuildConfiguration;
			baseConfigurationReference = 6EFBD3634BC21523D6921374 /* Pods-RCCariOSController.debug.xcconfig */;
			buildSettings = {
				ASSETCATALOG_COMPILER_APPICON_NAME = AppIcon;
				CODE_SIGN_STYLE = Automatic;
				DEVELOPMENT_TEAM = W5KABFU8SV;
				INFOPLIST_FILE = RCCariOSController/Info.plist;
				IPHONEOS_DEPLOYMENT_TARGET = 13.5;
				LD_RUNPATH_SEARCH_PATHS = (
					"$(inherited)",
					"@executable_path/Frameworks",
				);
				PRODUCT_BUNDLE_IDENTIFIER = com.chlup.RCCariOSController;
				PRODUCT_NAME = "$(TARGET_NAME)";
				SWIFT_VERSION = 5.0;
				TARGETED_DEVICE_FAMILY = 1;
			};
			name = Debug;
		};
		34CEDA0024BB93F700C49DF8 /* Release */ = {
			isa = XCBuildConfiguration;
			baseConfigurationReference = AC695F49C158823C695E6893 /* Pods-RCCariOSController.release.xcconfig */;
			buildSettings = {
				ASSETCATALOG_COMPILER_APPICON_NAME = AppIcon;
				CODE_SIGN_STYLE = Automatic;
				DEVELOPMENT_TEAM = W5KABFU8SV;
				INFOPLIST_FILE = RCCariOSController/Info.plist;
				IPHONEOS_DEPLOYMENT_TARGET = 13.5;
				LD_RUNPATH_SEARCH_PATHS = (
					"$(inherited)",
					"@executable_path/Frameworks",
				);
				PRODUCT_BUNDLE_IDENTIFIER = com.chlup.RCCariOSController;
				PRODUCT_NAME = "$(TARGET_NAME)";
				SWIFT_VERSION = 5.0;
				TARGETED_DEVICE_FAMILY = 1;
			};
			name = Release;
		};
/* End XCBuildConfiguration section */

/* Begin XCConfigurationList section */
		34CED9E524BB93F600C49DF8 /* Build configuration list for PBXProject "RCCariOSController" */ = {
			isa = XCConfigurationList;
			buildConfigurations = (
				34CED9FC24BB93F700C49DF8 /* Debug */,
				34CED9FD24BB93F700C49DF8 /* Release */,
			);
			defaultConfigurationIsVisible = 0;
			defaultConfigurationName = Release;
		};
		34CED9FE24BB93F700C49DF8 /* Build configuration list for PBXNativeTarget "RCCariOSController" */ = {
			isa = XCConfigurationList;
			buildConfigurations = (
				34CED9FF24BB93F700C49DF8 /* Debug */,
				34CEDA0024BB93F700C49DF8 /* Release */,
			);
			defaultConfigurationIsVisible = 0;
			defaultConfigurationName = Release;
		};
/* End XCConfigurationList section */
	};
	rootObject = 34CED9E224BB93F600C49DF8 /* Project object */;
}
